
Microsoft Visual Studio Solution File, Format Version 12.00
# Visual Studio 15
VisualStudioVersion = 15.0.27428.2005
MinimumVisualStudioVersion = 10.0.40219.1
Project("{9A19103F-16F7-4668-BE54-9A1E7A4F7556}") = "ManyToMany.ConsoleDemo", "ManyToMany.ConsoleDemo\ManyToMany.ConsoleDemo.csproj", "{6254AA6F-6129-418C-B535-E5ED6B01ACFE}"
EndProject
Project("{FAE04EC0-301F-11D3-BF4B-00C04F79EFBC}") = "Microsoft.EntityFrameworkCore.ManyToMany", "Microsoft.EntityFrameworkCore.ManyToMany\Microsoft.EntityFrameworkCore.ManyToMany.csproj", "{23F3E5AB-1D36-4E1F-88C3-30279F3EF969}"
EndProject
Global
	GlobalSection(SolutionConfigurationPlatforms) = preSolution
		Debug|Any CPU = Debug|Any CPU
		Release|Any CPU = Release|Any CPU
	EndGlobalSection
	GlobalSection(ProjectConfigurationPlatforms) = postSolution
		{6254AA6F-6129-418C-B535-E5ED6B01ACFE}.Debug|Any CPU.ActiveCfg = Debug|Any CPU
		{6254AA6F-6129-418C-B535-E5ED6B01ACFE}.Debug|Any CPU.Build.0 = Debug|Any CPU
		{6254AA6F-6129-418C-B535-E5ED6B01ACFE}.Release|Any CPU.ActiveCfg = Release|Any CPU
		{6254AA6F-6129-418C-B535-E5ED6B01ACFE}.Release|Any CPU.Build.0 = Release|Any CPU
		{23F3E5AB-1D36-4E1F-88C3-30279F3EF969}.Debug|Any CPU.ActiveCfg = Debug|Any CPU
		{23F3E5AB-1D36-4E1F-88C3-30279F3EF969}.Debug|Any CPU.Build.0 = Debug|Any CPU
		{23F3E5AB-1D36-4E1F-88C3-30279F3EF969}.Release|Any CPU.ActiveCfg = Release|Any CPU
		{23F3E5AB-1D36-4E1F-88C3-30279F3EF969}.Release|Any CPU.Build.0 = Release|Any CPU
	EndGlobalSection
	GlobalSection(SolutionProperties) = preSolution
		HideSolutionNode = FALSE
	EndGlobalSection
	GlobalSection(ExtensibilityGlobals) = postSolution
		SolutionGuid = {2895453B-E153-4A62-BF27-C24C692E5471}
	EndGlobalSection
EndGlobal
